{
  "name": "scolaia",
  "version": "1.0.0",
  "lockfileVersion": 2,
  "requires": true,
  "packages": {
    "": {
      "name": "scolaia",
      "version": "1.0.0",
      "dependencies": {
        "marked": "^4.0.0",
        "typescript": "^4.9.5"
      },
      "devDependencies": {
        "@types/bootstrap": "^5.2.0",
        "@types/js-yaml": "^4.0.9",
        "@types/marked": "^4.0.0",
        "@types/node": "^14.18.63"
      }
    },
    "node_modules/@popperjs/core": {
      "version": "2.11.8",
      "resolved": "https://registry.npmjs.org/@popperjs/core/-/core-2.11.8.tgz",
      "integrity": "sha512-P1st0aksCrn9sGZhp8GMYwBnQsbvAWsZAX44oXNNvLHGqAOcoVxmjZiohstwQ7SqKnbR47akdNi+uleWD8+g6A==",
      "dev": true,
      "funding": {
        "type": "opencollective",
        "url": "https://opencollective.com/popperjs"
      }
    },
    "node_modules/@types/bootstrap": {
      "version": "5.2.10",
      "resolved": "https://registry.npmjs.org/@types/bootstrap/-/bootstrap-5.2.10.tgz",
      "integrity": "sha512-F2X+cd6551tep0MvVZ6nM8v7XgGN/twpdNDjqS1TUM7YFNEtQYWk+dKAnH+T1gr6QgCoGMPl487xw/9hXooa2g==",
      "dev": true,
      "dependencies": {
        "@popperjs/core": "^2.9.2"
      }
    },
    "node_modules/@types/js-yaml": {
      "version": "4.0.9",
      "resolved": "https://registry.npmjs.org/@types/js-yaml/-/js-yaml-4.0.9.tgz",
      "integrity": "sha512-k4MGaQl5TGo/iipqb2UDG2UwjXziSWkh0uysQelTlJpX1qGlpUZYm8PnO4DxG1qBomtJUdYJ6qR6xdIah10JLg==",
      "dev": true
    },
    "node_modules/@types/marked": {
      "version": "4.3.2",
      "resolved": "https://registry.npmjs.org/@types/marked/-/marked-4.3.2.tgz",
      "integrity": "sha512-a79Yc3TOk6dGdituy8hmTTJXjOkZ7zsFYV10L337ttq/rec8lRMDBpV7fL3uLx6TgbFCa5DU/h8FmIBQPSbU0w==",
      "dev": true
    },
    "node_modules/@types/node": {
      "version": "14.18.63",
      "resolved": "https://registry.npmjs.org/@types/node/-/node-14.18.63.tgz",
      "integrity": "sha512-fAtCfv4jJg+ExtXhvCkCqUKZ+4ok/JQk01qDKhL5BDDoS3AxKXhV5/MAVUZyQnSEd2GT92fkgZl0pz0Q0AzcIQ==",
      "dev": true
    },
    "node_modules/marked": {
      "version": "4.3.0",
      "resolved": "https://registry.npmjs.org/marked/-/marked-4.3.0.tgz",
      "integrity": "sha512-PRsaiG84bK+AMvxziE/lCFss8juXjNaWzVbN5tXAm4XjeaS9NAHhop+PjQxz2A9h8Q4M/xGmzP8vqNwy6JeK0A==",
      "bin": {
        "marked": "bin/marked.js"
      },
      "engines": {
        "node": ">= 12"
      }
    },
    "node_modules/typescript": {
      "version": "4.9.5",
      "resolved": "https://registry.npmjs.org/typescript/-/typescript-4.9.5.tgz",
      "integrity": "sha512-1FXk9E2Hm+QzZQ7z+McJiHL4NW1F2EzMu9Nq9i3zAaGqibafqYwCVU6WyWAuyQRRzOlxou8xZSyXLEN8oKj24g==",
      "bin": {
        "tsc": "bin/tsc",
        "tsserver": "bin/tsserver"
      },
      "engines": {
        "node": ">=4.2.0"
      }
    }
  },
  "dependencies": {
    "@popperjs/core": {
      "version": "2.11.8",
      "resolved": "https://registry.npmjs.org/@popperjs/core/-/core-2.11.8.tgz",
      "integrity": "sha512-P1st0aksCrn9sGZhp8GMYwBnQsbvAWsZAX44oXNNvLHGqAOcoVxmjZiohstwQ7SqKnbR47akdNi+uleWD8+g6A==",
      "dev": true
    },
    "@types/bootstrap": {
      "version": "5.2.10",
      "resolved": "https://registry.npmjs.org/@types/bootstrap/-/bootstrap-5.2.10.tgz",
      "integrity": "sha512-F2X+cd6551tep0MvVZ6nM8v7XgGN/twpdNDjqS1TUM7YFNEtQYWk+dKAnH+T1gr6QgCoGMPl487xw/9hXooa2g==",
      "dev": true,
      "requires": {
        "@popperjs/core": "^2.9.2"
      }
    },
    "@types/js-yaml": {
      "version": "4.0.9",
      "resolved": "https://registry.npmjs.org/@types/js-yaml/-/js-yaml-4.0.9.tgz",
      "integrity": "sha512-k4MGaQl5TGo/iipqb2UDG2UwjXziSWkh0uysQelTlJpX1qGlpUZYm8PnO4DxG1qBomtJUdYJ6qR6xdIah10JLg==",
      "dev": true
    },
    "@types/marked": {
      "version": "4.3.2",
      "resolved": "https://registry.npmjs.org/@types/marked/-/marked-4.3.2.tgz",
      "integrity": "sha512-a79Yc3TOk6dGdituy8hmTTJXjOkZ7zsFYV10L337ttq/rec8lRMDBpV7fL3uLx6TgbFCa5DU/h8FmIBQPSbU0w==",
      "dev": true
    },
    "@types/node": {
      "version": "14.18.63",
      "resolved": "https://registry.npmjs.org/@types/node/-/node-14.18.63.tgz",
      "integrity": "sha512-fAtCfv4jJg+ExtXhvCkCqUKZ+4ok/JQk01qDKhL5BDDoS3AxKXhV5/MAVUZyQnSEd2GT92fkgZl0pz0Q0AzcIQ==",
      "dev": true
    },
    "marked": {
      "version": "4.3.0",
      "resolved": "https://registry.npmjs.org/marked/-/marked-4.3.0.tgz",
      "integrity": "sha512-PRsaiG84bK+AMvxziE/lCFss8juXjNaWzVbN5tXAm4XjeaS9NAHhop+PjQxz2A9h8Q4M/xGmzP8vqNwy6JeK0A=="
    },
    "typescript": {
      "version": "4.9.5",
      "resolved": "https://registry.npmjs.org/typescript/-/typescript-4.9.5.tgz",
      "integrity": "sha512-1FXk9E2Hm+QzZQ7z+McJiHL4NW1F2EzMu9Nq9i3zAaGqibafqYwCVU6WyWAuyQRRzOlxou8xZSyXLEN8oKj24g=="
    }
  }
}
